
Microsoft Visual Studio Solution File, Format Version 12.00
# Visual Studio Version 16
VisualStudioVersion = 16.0.31424.327
MinimumVisualStudioVersion = 10.0.40219.1
Project("{FAE04EC0-301F-11D3-BF4B-00C04F79EFBC}") = "Exercise 31", "Exercises31-32\Exercise 31.csproj", "{3B7EE07D-2B84-4091-99F8-BA0550026BD0}"
EndProject
Project("{FAE04EC0-301F-11D3-BF4B-00C04F79EFBC}") = "Exercise32", "Exercise32\Exercise32.csproj", "{D759E5FA-28EC-40E5-BF9A-5E4EE1C9BE0A}"
EndProject
Global
	GlobalSection(SolutionConfigurationPlatforms) = preSolution
		Debug|Any CPU = Debug|Any CPU
		Release|Any CPU = Release|Any CPU
	EndGlobalSection
	GlobalSection(ProjectConfigurationPlatforms) = postSolution
		{3B7EE07D-2B84-4091-99F8-BA0550026BD0}.Debug|Any CPU.ActiveCfg = Debug|Any CPU
		{3B7EE07D-2B84-4091-99F8-BA0550026BD0}.Debug|Any CPU.Build.0 = Debug|Any CPU
		{3B7EE07D-2B84-4091-99F8-BA0550026BD0}.Release|Any CPU.ActiveCfg = Release|Any CPU
		{3B7EE07D-2B84-4091-99F8-BA0550026BD0}.Release|Any CPU.Build.0 = Release|Any CPU
		{D759E5FA-28EC-40E5-BF9A-5E4EE1C9BE0A}.Debug|Any CPU.ActiveCfg = Debug|Any CPU
		{D759E5FA-28EC-40E5-BF9A-5E4EE1C9BE0A}.Debug|Any CPU.Build.0 = Debug|Any CPU
		{D759E5FA-28EC-40E5-BF9A-5E4EE1C9BE0A}.Release|Any CPU.ActiveCfg = Release|Any CPU
		{D759E5FA-28EC-40E5-BF9A-5E4EE1C9BE0A}.Release|Any CPU.Build.0 = Release|Any CPU
	EndGlobalSection
	GlobalSection(SolutionProperties) = preSolution
		HideSolutionNode = FALSE
	EndGlobalSection
	GlobalSection(ExtensibilityGlobals) = postSolution
		SolutionGuid = {275DF288-5D0C-4268-9141-E1EB5553DA61}
	EndGlobalSection
EndGlobal
